
Microsoft Visual Studio Solution File, Format Version 12.00
# Visual Studio 15
VisualStudioVersion = 15.0.27004.2010
MinimumVisualStudioVersion = 10.0.40219.1
Project("{FAE04EC0-301F-11D3-BF4B-00C04F79EFBC}") = "Claudias.Handball.Repository", "Claudias.Handball.Repository\Claudias.Handball.Repository.csproj", "{93E66832-8BBD-4067-A2E0-4C005926DEF4}"
EndProject
Project("{FAE04EC0-301F-11D3-BF4B-00C04F79EFBC}") = "Claudias.Handball.Models", "Claudias.Handball.Models\Claudias.Handball.Models.csproj", "{3FF77C20-94E1-49D8-A2CE-4117136B71A5}"
EndProject
Project("{FAE04EC0-301F-11D3-BF4B-00C04F79EFBC}") = "Claudias.Handball", "Claudias.Handball\Claudias.Handball.csproj", "{A347398D-B206-4C68-83C0-BEFCF624108F}"
EndProject
Project("{2150E333-8FDC-42A3-9474-1A3956D46DE8}") = "SQL", "SQL", "{8572832B-66C0-468C-939A-C2F5DA1D835F}"
	ProjectSection(SolutionItems) = preProject
		StructureCreation.sql = StructureCreation.sql
		TablesPopulation.sql = TablesPopulation.sql
	EndProjectSection
EndProject
Project("{FAE04EC0-301F-11D3-BF4B-00C04F79EFBC}") = "Claudias.Handball.RepositoryAbstraction", "Claudias.Handball.RepositoryAbstraction\Claudias.Handball.RepositoryAbstraction.csproj", "{E4D4B7C3-23DB-401C-A675-2E47A7081BC3}"
EndProject
Project("{FAE04EC0-301F-11D3-BF4B-00C04F79EFBC}") = "Claudias.Handball.RepositoryFactory", "Claudias.Handball.RepositoryFactory\Claudias.Handball.RepositoryFactory.csproj", "{F82966BE-FF49-4616-8494-25741BDB13CA}"
EndProject
Project("{FAE04EC0-301F-11D3-BF4B-00C04F79EFBC}") = "Claudias.Handball.Business", "Claudias.Handball.Business\Claudias.Handball.Business.csproj", "{831BD7AA-D341-4661-95A7-E5C3D338CB1E}"
EndProject
Global
	GlobalSection(SolutionConfigurationPlatforms) = preSolution
		Debug|Any CPU = Debug|Any CPU
		Release|Any CPU = Release|Any CPU
	EndGlobalSection
	GlobalSection(ProjectConfigurationPlatforms) = postSolution
		{93E66832-8BBD-4067-A2E0-4C005926DEF4}.Debug|Any CPU.ActiveCfg = Debug|Any CPU
		{93E66832-8BBD-4067-A2E0-4C005926DEF4}.Debug|Any CPU.Build.0 = Debug|Any CPU
		{93E66832-8BBD-4067-A2E0-4C005926DEF4}.Release|Any CPU.ActiveCfg = Release|Any CPU
		{93E66832-8BBD-4067-A2E0-4C005926DEF4}.Release|Any CPU.Build.0 = Release|Any CPU
		{3FF77C20-94E1-49D8-A2CE-4117136B71A5}.Debug|Any CPU.ActiveCfg = Debug|Any CPU
		{3FF77C20-94E1-49D8-A2CE-4117136B71A5}.Debug|Any CPU.Build.0 = Debug|Any CPU
		{3FF77C20-94E1-49D8-A2CE-4117136B71A5}.Release|Any CPU.ActiveCfg = Release|Any CPU
		{3FF77C20-94E1-49D8-A2CE-4117136B71A5}.Release|Any CPU.Build.0 = Release|Any CPU
		{A347398D-B206-4C68-83C0-BEFCF624108F}.Debug|Any CPU.ActiveCfg = Debug|Any CPU
		{A347398D-B206-4C68-83C0-BEFCF624108F}.Debug|Any CPU.Build.0 = Debug|Any CPU
		{A347398D-B206-4C68-83C0-BEFCF624108F}.Release|Any CPU.ActiveCfg = Release|Any CPU
		{A347398D-B206-4C68-83C0-BEFCF624108F}.Release|Any CPU.Build.0 = Release|Any CPU
		{E4D4B7C3-23DB-401C-A675-2E47A7081BC3}.Debug|Any CPU.ActiveCfg = Debug|Any CPU
		{E4D4B7C3-23DB-401C-A675-2E47A7081BC3}.Debug|Any CPU.Build.0 = Debug|Any CPU
		{E4D4B7C3-23DB-401C-A675-2E47A7081BC3}.Release|Any CPU.ActiveCfg = Release|Any CPU
		{E4D4B7C3-23DB-401C-A675-2E47A7081BC3}.Release|Any CPU.Build.0 = Release|Any CPU
		{F82966BE-FF49-4616-8494-25741BDB13CA}.Debug|Any CPU.ActiveCfg = Debug|Any CPU
		{F82966BE-FF49-4616-8494-25741BDB13CA}.Debug|Any CPU.Build.0 = Debug|Any CPU
		{F82966BE-FF49-4616-8494-25741BDB13CA}.Release|Any CPU.ActiveCfg = Release|Any CPU
		{F82966BE-FF49-4616-8494-25741BDB13CA}.Release|Any CPU.Build.0 = Release|Any CPU
		{831BD7AA-D341-4661-95A7-E5C3D338CB1E}.Debug|Any CPU.ActiveCfg = Debug|Any CPU
		{831BD7AA-D341-4661-95A7-E5C3D338CB1E}.Debug|Any CPU.Build.0 = Debug|Any CPU
		{831BD7AA-D341-4661-95A7-E5C3D338CB1E}.Release|Any CPU.ActiveCfg = Release|Any CPU
		{831BD7AA-D341-4661-95A7-E5C3D338CB1E}.Release|Any CPU.Build.0 = Release|Any CPU
	EndGlobalSection
	GlobalSection(SolutionProperties) = preSolution
		HideSolutionNode = FALSE
	EndGlobalSection
	GlobalSection(ExtensibilityGlobals) = postSolution
		SolutionGuid = {3A389883-8621-4FD8-8BA8-9A4458F34C02}
	EndGlobalSection
EndGlobal
