
Microsoft Visual Studio Solution File, Format Version 12.00
# Visual Studio 15
VisualStudioVersion = 15.0.27004.2002
MinimumVisualStudioVersion = 10.0.40219.1
Project("{2150E333-8FDC-42A3-9474-1A3956D46DE8}") = "SQL", "SQL", "{18390CFE-5307-4301-A243-CDC2A053112A}"
	ProjectSection(SolutionItems) = preProject
		D:\UMT\part1.sql = D:\UMT\part1.sql
		D:\UMT\part2.sql = D:\UMT\part2.sql
		D:\UMT\part3.sql = D:\UMT\part3.sql
	EndProjectSection
EndProject
Global
	GlobalSection(SolutionProperties) = preSolution
		HideSolutionNode = FALSE
	EndGlobalSection
	GlobalSection(ExtensibilityGlobals) = postSolution
		SolutionGuid = {0DDCCD74-D629-416A-990F-094FF9D5039E}
	EndGlobalSection
EndGlobal
